// !$*UTF8*$!
{
	archiveVersion = 1;
	classes = {
	};
	objectVersion = 56;
	objects = {

/* Begin PBXBuildFile section */
		A1197BF22BE60DE900FD42FB /* BokBankApp.swift in Sources */ = {isa = PBXBuildFile; fileRef = A1197BF12BE60DE900FD42FB /* BokBankApp.swift */; };
		A1197BF42BE60DE900FD42FB /* ContentView.swift in Sources */ = {isa = PBXBuildFile; fileRef = A1197BF32BE60DE900FD42FB /* ContentView.swift */; };
		A1197BF62BE60DEB00FD42FB /* Assets.xcassets in Resources */ = {isa = PBXBuildFile; fileRef = A1197BF52BE60DEB00FD42FB /* Assets.xcassets */; };
		A1197BF92BE60DEB00FD42FB /* Preview Assets.xcassets in Resources */ = {isa = PBXBuildFile; fileRef = A1197BF82BE60DEB00FD42FB /* Preview Assets.xcassets */; };
		A1197C022BE61EF500FD42FB /* Core in Frameworks */ = {isa = PBXBuildFile; productRef = A1197C012BE61EF500FD42FB /* Core */; };
		A1197C072BE8958B00FD42FB /* ContentViewModel.swift in Sources */ = {isa = PBXBuildFile; fileRef = A1197C062BE8958B00FD42FB /* ContentViewModel.swift */; };
		A1197C092BE89A9200FD42FB /* ResultView.swift in Sources */ = {isa = PBXBuildFile; fileRef = A1197C082BE89A9200FD42FB /* ResultView.swift */; };
		A1197C0B2BE89BE000FD42FB /* LoadingView.swift in Sources */ = {isa = PBXBuildFile; fileRef = A1197C0A2BE89BE000FD42FB /* LoadingView.swift */; };
		A12AD5D22BE9EAEF00BBE161 /* AsyncButton.swift in Sources */ = {isa = PBXBuildFile; fileRef = A12AD5D12BE9EAEF00BBE161 /* AsyncButton.swift */; };
		A12AD5D42BE9FF3900BBE161 /* TransferReceipt.swift in Sources */ = {isa = PBXBuildFile; fileRef = A12AD5D32BE9FF3900BBE161 /* TransferReceipt.swift */; };
		A1C751332BE8AA3B000EBEDC /* TransactionCell.swift in Sources */ = {isa = PBXBuildFile; fileRef = A1C751322BE8AA3B000EBEDC /* TransactionCell.swift */; };
		A1C751362BE8B09E000EBEDC /* CachedAsyncImage in Frameworks */ = {isa = PBXBuildFile; productRef = A1C751352BE8B09E000EBEDC /* CachedAsyncImage */; };
		A1C751382BE8B0D5000EBEDC /* AsyncFailableImage.swift in Sources */ = {isa = PBXBuildFile; fileRef = A1C751372BE8B0D5000EBEDC /* AsyncFailableImage.swift */; };
		A1C7513A2BE8F22C000EBEDC /* BokCurrencyFormatStyle.swift in Sources */ = {isa = PBXBuildFile; fileRef = A1C751392BE8F22C000EBEDC /* BokCurrencyFormatStyle.swift */; };
		A1C7513F2BE8F92A000EBEDC /* EnvironmentValues+Extensions.swift in Sources */ = {isa = PBXBuildFile; fileRef = A1C7513E2BE8F92A000EBEDC /* EnvironmentValues+Extensions.swift */; };
		A1C751412BE9DC26000EBEDC /* TransferForm.swift in Sources */ = {isa = PBXBuildFile; fileRef = A1C751402BE9DC26000EBEDC /* TransferForm.swift */; };
/* End PBXBuildFile section */

/* Begin PBXFileReference section */
		A1197BEE2BE60DE900FD42FB /* BokBank.app */ = {isa = PBXFileReference; explicitFileType = wrapper.application; includeInIndex = 0; path = BokBank.app; sourceTree = BUILT_PRODUCTS_DIR; };
		A1197BF12BE60DE900FD42FB /* BokBankApp.swift */ = {isa = PBXFileReference; lastKnownFileType = sourcecode.swift; path = BokBankApp.swift; sourceTree = "<group>"; };
		A1197BF32BE60DE900FD42FB /* ContentView.swift */ = {isa = PBXFileReference; lastKnownFileType = sourcecode.swift; path = ContentView.swift; sourceTree = "<group>"; };
		A1197BF52BE60DEB00FD42FB /* Assets.xcassets */ = {isa = PBXFileReference; lastKnownFileType = folder.assetcatalog; path = Assets.xcassets; sourceTree = "<group>"; };
		A1197BF82BE60DEB00FD42FB /* Preview Assets.xcassets */ = {isa = PBXFileReference; lastKnownFileType = folder.assetcatalog; path = "Preview Assets.xcassets"; sourceTree = "<group>"; };
		A1197BFF2BE60E9C00FD42FB /* Core */ = {isa = PBXFileReference; lastKnownFileType = wrapper; path = Core; sourceTree = "<group>"; };
		A1197C062BE8958B00FD42FB /* ContentViewModel.swift */ = {isa = PBXFileReference; lastKnownFileType = sourcecode.swift; path = ContentViewModel.swift; sourceTree = "<group>"; };
		A1197C082BE89A9200FD42FB /* ResultView.swift */ = {isa = PBXFileReference; lastKnownFileType = sourcecode.swift; path = ResultView.swift; sourceTree = "<group>"; };
		A1197C0A2BE89BE000FD42FB /* LoadingView.swift */ = {isa = PBXFileReference; lastKnownFileType = sourcecode.swift; path = LoadingView.swift; sourceTree = "<group>"; };
		A12AD5D12BE9EAEF00BBE161 /* AsyncButton.swift */ = {isa = PBXFileReference; lastKnownFileType = sourcecode.swift; path = AsyncButton.swift; sourceTree = "<group>"; };
		A12AD5D32BE9FF3900BBE161 /* TransferReceipt.swift */ = {isa = PBXFileReference; lastKnownFileType = sourcecode.swift; path = TransferReceipt.swift; sourceTree = "<group>"; };
		A1C751322BE8AA3B000EBEDC /* TransactionCell.swift */ = {isa = PBXFileReference; lastKnownFileType = sourcecode.swift; path = TransactionCell.swift; sourceTree = "<group>"; };
		A1C751372BE8B0D5000EBEDC /* AsyncFailableImage.swift */ = {isa = PBXFileReference; lastKnownFileType = sourcecode.swift; path = AsyncFailableImage.swift; sourceTree = "<group>"; };
		A1C751392BE8F22C000EBEDC /* BokCurrencyFormatStyle.swift */ = {isa = PBXFileReference; lastKnownFileType = sourcecode.swift; path = BokCurrencyFormatStyle.swift; sourceTree = "<group>"; };
		A1C7513E2BE8F92A000EBEDC /* EnvironmentValues+Extensions.swift */ = {isa = PBXFileReference; lastKnownFileType = sourcecode.swift; path = "EnvironmentValues+Extensions.swift"; sourceTree = "<group>"; };
		A1C751402BE9DC26000EBEDC /* TransferForm.swift */ = {isa = PBXFileReference; lastKnownFileType = sourcecode.swift; path = TransferForm.swift; sourceTree = "<group>"; };
/* End PBXFileReference section */

/* Begin PBXFrameworksBuildPhase section */
		A1197BEB2BE60DE900FD42FB /* Frameworks */ = {
			isa = PBXFrameworksBuildPhase;
			buildActionMask = 2147483647;
			files = (
				A1197C022BE61EF500FD42FB /* Core in Frameworks */,
				A1C751362BE8B09E000EBEDC /* CachedAsyncImage in Frameworks */,
			);
			runOnlyForDeploymentPostprocessing = 0;
		};
/* End PBXFrameworksBuildPhase section */

/* Begin PBXGroup section */
		A1197BE52BE60DE900FD42FB = {
			isa = PBXGroup;
			children = (
				A1197BF02BE60DE900FD42FB /* App */,
				A1197BFF2BE60E9C00FD42FB /* Core */,
				A1197BEF2BE60DE900FD42FB /* Products */,
				A1197C002BE61EF500FD42FB /* Frameworks */,
			);
			sourceTree = "<group>";
		};
		A1197BEF2BE60DE900FD42FB /* Products */ = {
			isa = PBXGroup;
			children = (
				A1197BEE2BE60DE900FD42FB /* BokBank.app */,
			);
			name = Products;
			sourceTree = "<group>";
		};
		A1197BF02BE60DE900FD42FB /* App */ = {
			isa = PBXGroup;
			children = (
				A1C7513D2BE8F799000EBEDC /* Components */,
				A1197BF72BE60DEB00FD42FB /* Preview Content */,
				A1C7513C2BE8F792000EBEDC /* Resources */,
				A1C7513B2BE8F77F000EBEDC /* Views */,
			);
			path = App;
			sourceTree = "<group>";
		};
		A1197BF72BE60DEB00FD42FB /* Preview Content */ = {
			isa = PBXGroup;
			children = (
				A1197BF82BE60DEB00FD42FB /* Preview Assets.xcassets */,
			);
			path = "Preview Content";
			sourceTree = "<group>";
		};
		A1197C002BE61EF500FD42FB /* Frameworks */ = {
			isa = PBXGroup;
			children = (
			);
			name = Frameworks;
			sourceTree = "<group>";
		};
		A1C7513B2BE8F77F000EBEDC /* Views */ = {
			isa = PBXGroup;
			children = (
				A1197BF12BE60DE900FD42FB /* BokBankApp.swift */,
				A1197BF32BE60DE900FD42FB /* ContentView.swift */,
				A1197C062BE8958B00FD42FB /* ContentViewModel.swift */,
				A1C751322BE8AA3B000EBEDC /* TransactionCell.swift */,
				A1C751402BE9DC26000EBEDC /* TransferForm.swift */,
				A12AD5D32BE9FF3900BBE161 /* TransferReceipt.swift */,
			);
			path = Views;
			sourceTree = "<group>";
		};
		A1C7513C2BE8F792000EBEDC /* Resources */ = {
			isa = PBXGroup;
			children = (
				A1197BF52BE60DEB00FD42FB /* Assets.xcassets */,
			);
			path = Resources;
			sourceTree = "<group>";
		};
		A1C7513D2BE8F799000EBEDC /* Components */ = {
			isa = PBXGroup;
			children = (
				A12AD5D12BE9EAEF00BBE161 /* AsyncButton.swift */,
				A1C751372BE8B0D5000EBEDC /* AsyncFailableImage.swift */,
				A1C751392BE8F22C000EBEDC /* BokCurrencyFormatStyle.swift */,
				A1C7513E2BE8F92A000EBEDC /* EnvironmentValues+Extensions.swift */,
				A1197C0A2BE89BE000FD42FB /* LoadingView.swift */,
				A1197C082BE89A9200FD42FB /* ResultView.swift */,
			);
			path = Components;
			sourceTree = "<group>";
		};
/* End PBXGroup section */

/* Begin PBXNativeTarget section */
		A1197BED2BE60DE900FD42FB /* BokBank */ = {
			isa = PBXNativeTarget;
			buildConfigurationList = A1197BFC2BE60DEB00FD42FB /* Build configuration list for PBXNativeTarget "BokBank" */;
			buildPhases = (
				A1197BEA2BE60DE900FD42FB /* Sources */,
				A1197BEB2BE60DE900FD42FB /* Frameworks */,
				A1197BEC2BE60DE900FD42FB /* Resources */,
			);
			buildRules = (
			);
			dependencies = (
			);
			name = BokBank;
			packageProductDependencies = (
				A1197C012BE61EF500FD42FB /* Core */,
				A1C751352BE8B09E000EBEDC /* CachedAsyncImage */,
			);
			productName = BokBank;
			productReference = A1197BEE2BE60DE900FD42FB /* BokBank.app */;
			productType = "com.apple.product-type.application";
		};
/* End PBXNativeTarget section */

/* Begin PBXProject section */
		A1197BE62BE60DE900FD42FB /* Project object */ = {
			isa = PBXProject;
			attributes = {
				BuildIndependentTargetsInParallel = 1;
				LastSwiftUpdateCheck = 1530;
				LastUpgradeCheck = 1530;
				TargetAttributes = {
					A1197BED2BE60DE900FD42FB = {
						CreatedOnToolsVersion = 15.3;
					};
				};
			};
			buildConfigurationList = A1197BE92BE60DE900FD42FB /* Build configuration list for PBXProject "BokBank" */;
			compatibilityVersion = "Xcode 14.0";
			developmentRegion = en;
			hasScannedForEncodings = 0;
			knownRegions = (
				en,
				Base,
			);
			mainGroup = A1197BE52BE60DE900FD42FB;
			packageReferences = (
				A1C751342BE8B03C000EBEDC /* XCRemoteSwiftPackageReference "swiftui-cached-async-image" */,
			);
			productRefGroup = A1197BEF2BE60DE900FD42FB /* Products */;
			projectDirPath = "";
			projectRoot = "";
			targets = (
				A1197BED2BE60DE900FD42FB /* BokBank */,
			);
		};
/* End PBXProject section */

/* Begin PBXResourcesBuildPhase section */
		A1197BEC2BE60DE900FD42FB /* Resources */ = {
			isa = PBXResourcesBuildPhase;
			buildActionMask = 2147483647;
			files = (
				A1197BF92BE60DEB00FD42FB /* Preview Assets.xcassets in Resources */,
				A1197BF62BE60DEB00FD42FB /* Assets.xcassets in Resources */,
			);
			runOnlyForDeploymentPostprocessing = 0;
		};
/* End PBXResourcesBuildPhase section */

/* Begin PBXSourcesBuildPhase section */
		A1197BEA2BE60DE900FD42FB /* Sources */ = {
			isa = PBXSourcesBuildPhase;
			buildActionMask = 2147483647;
			files = (
				A12AD5D22BE9EAEF00BBE161 /* AsyncButton.swift in Sources */,
				A1C7513A2BE8F22C000EBEDC /* BokCurrencyFormatStyle.swift in Sources */,
				A12AD5D42BE9FF3900BBE161 /* TransferReceipt.swift in Sources */,
				A1C751332BE8AA3B000EBEDC /* TransactionCell.swift in Sources */,
				A1197C072BE8958B00FD42FB /* ContentViewModel.swift in Sources */,
				A1197BF42BE60DE900FD42FB /* ContentView.swift in Sources */,
				A1197C092BE89A9200FD42FB /* ResultView.swift in Sources */,
				A1C7513F2BE8F92A000EBEDC /* EnvironmentValues+Extensions.swift in Sources */,
				A1C751382BE8B0D5000EBEDC /* AsyncFailableImage.swift in Sources */,
				A1197BF22BE60DE900FD42FB /* BokBankApp.swift in Sources */,
				A1C751412BE9DC26000EBEDC /* TransferForm.swift in Sources */,
				A1197C0B2BE89BE000FD42FB /* LoadingView.swift in Sources */,
			);
			runOnlyForDeploymentPostprocessing = 0;
		};
/* End PBXSourcesBuildPhase section */

/* Begin XCBuildConfiguration section */
		A1197BFA2BE60DEB00FD42FB /* Debug */ = {
			isa = XCBuildConfiguration;
			buildSettings = {
				ALWAYS_SEARCH_USER_PATHS = NO;
				ASSETCATALOG_COMPILER_GENERATE_SWIFT_ASSET_SYMBOL_EXTENSIONS = YES;
				CLANG_ANALYZER_NONNULL = YES;
				CLANG_ANALYZER_NUMBER_OBJECT_CONVERSION = YES_AGGRESSIVE;
				CLANG_CXX_LANGUAGE_STANDARD = "gnu++20";
				CLANG_ENABLE_MODULES = YES;
				CLANG_ENABLE_OBJC_ARC = YES;
				CLANG_ENABLE_OBJC_WEAK = YES;
				CLANG_WARN_BLOCK_CAPTURE_AUTORELEASING = YES;
				CLANG_WARN_BOOL_CONVERSION = YES;
				CLANG_WARN_COMMA = YES;
				CLANG_WARN_CONSTANT_CONVERSION = YES;
				CLANG_WARN_DEPRECATED_OBJC_IMPLEMENTATIONS = YES;
				CLANG_WARN_DIRECT_OBJC_ISA_USAGE = YES_ERROR;
				CLANG_WARN_DOCUMENTATION_COMMENTS = YES;
				CLANG_WARN_EMPTY_BODY = YES;
				CLANG_WARN_ENUM_CONVERSION = YES;
				CLANG_WARN_INFINITE_RECURSION = YES;
				CLANG_WARN_INT_CONVERSION = YES;
				CLANG_WARN_NON_LITERAL_NULL_CONVERSION = YES;
				CLANG_WARN_OBJC_IMPLICIT_RETAIN_SELF = YES;
				CLANG_WARN_OBJC_LITERAL_CONVERSION = YES;
				CLANG_WARN_OBJC_ROOT_CLASS = YES_ERROR;
				CLANG_WARN_QUOTED_INCLUDE_IN_FRAMEWORK_HEADER = YES;
				CLANG_WARN_RANGE_LOOP_ANALYSIS = YES;
				CLANG_WARN_STRICT_PROTOTYPES = YES;
				CLANG_WARN_SUSPICIOUS_MOVE = YES;
				CLANG_WARN_UNGUARDED_AVAILABILITY = YES_AGGRESSIVE;
				CLANG_WARN_UNREACHABLE_CODE = YES;
				CLANG_WARN__DUPLICATE_METHOD_MATCH = YES;
				COPY_PHASE_STRIP = NO;
				DEBUG_INFORMATION_FORMAT = dwarf;
				ENABLE_STRICT_OBJC_MSGSEND = YES;
				ENABLE_TESTABILITY = YES;
				ENABLE_USER_SCRIPT_SANDBOXING = YES;
				GCC_C_LANGUAGE_STANDARD = gnu17;
				GCC_DYNAMIC_NO_PIC = NO;
				GCC_NO_COMMON_BLOCKS = YES;
				GCC_OPTIMIZATION_LEVEL = 0;
				GCC_PREPROCESSOR_DEFINITIONS = (
					"DEBUG=1",
					"$(inherited)",
				);
				GCC_WARN_64_TO_32_BIT_CONVERSION = YES;
				GCC_WARN_ABOUT_RETURN_TYPE = YES_ERROR;
				GCC_WARN_UNDECLARED_SELECTOR = YES;
				GCC_WARN_UNINITIALIZED_AUTOS = YES_AGGRESSIVE;
				GCC_WARN_UNUSED_FUNCTION = YES;
				GCC_WARN_UNUSED_VARIABLE = YES;
				IPHONEOS_DEPLOYMENT_TARGET = 17.4;
				LOCALIZATION_PREFERS_STRING_CATALOGS = YES;
				MTL_ENABLE_DEBUG_INFO = INCLUDE_SOURCE;
				MTL_FAST_MATH = YES;
				ONLY_ACTIVE_ARCH = YES;
				SDKROOT = iphoneos;
				SWIFT_ACTIVE_COMPILATION_CONDITIONS = "DEBUG $(inherited)";
				SWIFT_OPTIMIZATION_LEVEL = "-Onone";
			};
			name = Debug;
		};
		A1197BFB2BE60DEB00FD42FB /* Release */ = {
			isa = XCBuildConfiguration;
			buildSettings = {
				ALWAYS_SEARCH_USER_PATHS = NO;
				ASSETCATALOG_COMPILER_GENERATE_SWIFT_ASSET_SYMBOL_EXTENSIONS = YES;
				CLANG_ANALYZER_NONNULL = YES;
				CLANG_ANALYZER_NUMBER_OBJECT_CONVERSION = YES_AGGRESSIVE;
				CLANG_CXX_LANGUAGE_STANDARD = "gnu++20";
				CLANG_ENABLE_MODULES = YES;
				CLANG_ENABLE_OBJC_ARC = YES;
				CLANG_ENABLE_OBJC_WEAK = YES;
				CLANG_WARN_BLOCK_CAPTURE_AUTORELEASING = YES;
				CLANG_WARN_BOOL_CONVERSION = YES;
				CLANG_WARN_COMMA = YES;
				CLANG_WARN_CONSTANT_CONVERSION = YES;
				CLANG_WARN_DEPRECATED_OBJC_IMPLEMENTATIONS = YES;
				CLANG_WARN_DIRECT_OBJC_ISA_USAGE = YES_ERROR;
				CLANG_WARN_DOCUMENTATION_COMMENTS = YES;
				CLANG_WARN_EMPTY_BODY = YES;
				CLANG_WARN_ENUM_CONVERSION = YES;
				CLANG_WARN_INFINITE_RECURSION = YES;
				CLANG_WARN_INT_CONVERSION = YES;
				CLANG_WARN_NON_LITERAL_NULL_CONVERSION = YES;
				CLANG_WARN_OBJC_IMPLICIT_RETAIN_SELF = YES;
				CLANG_WARN_OBJC_LITERAL_CONVERSION = YES;
				CLANG_WARN_OBJC_ROOT_CLASS = YES_ERROR;
				CLANG_WARN_QUOTED_INCLUDE_IN_FRAMEWORK_HEADER = YES;
				CLANG_WARN_RANGE_LOOP_ANALYSIS = YES;
				CLANG_WARN_STRICT_PROTOTYPES = YES;
				CLANG_WARN_SUSPICIOUS_MOVE = YES;
				CLANG_WARN_UNGUARDED_AVAILABILITY = YES_AGGRESSIVE;
				CLANG_WARN_UNREACHABLE_CODE = YES;
				CLANG_WARN__DUPLICATE_METHOD_MATCH = YES;
				COPY_PHASE_STRIP = NO;
				DEBUG_INFORMATION_FORMAT = "dwarf-with-dsym";
				ENABLE_NS_ASSERTIONS = NO;
				ENABLE_STRICT_OBJC_MSGSEND = YES;
				ENABLE_USER_SCRIPT_SANDBOXING = YES;
				GCC_C_LANGUAGE_STANDARD = gnu17;
				GCC_NO_COMMON_BLOCKS = YES;
				GCC_WARN_64_TO_32_BIT_CONVERSION = YES;
				GCC_WARN_ABOUT_RETURN_TYPE = YES_ERROR;
				GCC_WARN_UNDECLARED_SELECTOR = YES;
				GCC_WARN_UNINITIALIZED_AUTOS = YES_AGGRESSIVE;
				GCC_WARN_UNUSED_FUNCTION = YES;
				GCC_WARN_UNUSED_VARIABLE = YES;
				IPHONEOS_DEPLOYMENT_TARGET = 17.4;
				LOCALIZATION_PREFERS_STRING_CATALOGS = YES;
				MTL_ENABLE_DEBUG_INFO = NO;
				MTL_FAST_MATH = YES;
				SDKROOT = iphoneos;
				SWIFT_COMPILATION_MODE = wholemodule;
				VALIDATE_PRODUCT = YES;
			};
			name = Release;
		};
		A1197BFD2BE60DEB00FD42FB /* Debug */ = {
			isa = XCBuildConfiguration;
			buildSettings = {
				ASSETCATALOG_COMPILER_APPICON_NAME = AppIcon;
				ASSETCATALOG_COMPILER_GLOBAL_ACCENT_COLOR_NAME = AccentColor;
				CODE_SIGN_STYLE = Automatic;
				CURRENT_PROJECT_VERSION = 1;
				DEVELOPMENT_ASSET_PATHS = "\"App/Preview Content\"";
				DEVELOPMENT_TEAM = 3B5295SW4A;
				ENABLE_PREVIEWS = YES;
				GENERATE_INFOPLIST_FILE = YES;
				INFOPLIST_KEY_UIApplicationSceneManifest_Generation = YES;
				INFOPLIST_KEY_UIApplicationSupportsIndirectInputEvents = YES;
				INFOPLIST_KEY_UILaunchScreen_Generation = YES;
				INFOPLIST_KEY_UISupportedInterfaceOrientations_iPad = "UIInterfaceOrientationPortrait UIInterfaceOrientationPortraitUpsideDown UIInterfaceOrientationLandscapeLeft UIInterfaceOrientationLandscapeRight";
				INFOPLIST_KEY_UISupportedInterfaceOrientations_iPhone = "UIInterfaceOrientationPortrait UIInterfaceOrientationLandscapeLeft UIInterfaceOrientationLandscapeRight";
				LD_RUNPATH_SEARCH_PATHS = (
					"$(inherited)",
					"@executable_path/Frameworks",
				);
				MARKETING_VERSION = 1.0;
				PRODUCT_BUNDLE_IDENTIFIER = com.bokbank.app.BokBank;
				PRODUCT_NAME = "$(TARGET_NAME)";
				SWIFT_EMIT_LOC_STRINGS = YES;
				SWIFT_VERSION = 5.0;
				TARGETED_DEVICE_FAMILY = "1,2";
			};
			name = Debug;
		};
		A1197BFE2BE60DEB00FD42FB /* Release */ = {
			isa = XCBuildConfiguration;
			buildSettings = {
				ASSETCATALOG_COMPILER_APPICON_NAME = AppIcon;
				ASSETCATALOG_COMPILER_GLOBAL_ACCENT_COLOR_NAME = AccentColor;
				CODE_SIGN_STYLE = Automatic;
				CURRENT_PROJECT_VERSION = 1;
				DEVELOPMENT_ASSET_PATHS = "\"App/Preview Content\"";
				DEVELOPMENT_TEAM = 3B5295SW4A;
				ENABLE_PREVIEWS = YES;
				GENERATE_INFOPLIST_FILE = YES;
				INFOPLIST_KEY_UIApplicationSceneManifest_Generation = YES;
				INFOPLIST_KEY_UIApplicationSupportsIndirectInputEvents = YES;
				INFOPLIST_KEY_UILaunchScreen_Generation = YES;
				INFOPLIST_KEY_UISupportedInterfaceOrientations_iPad = "UIInterfaceOrientationPortrait UIInterfaceOrientationPortraitUpsideDown UIInterfaceOrientationLandscapeLeft UIInterfaceOrientationLandscapeRight";
				INFOPLIST_KEY_UISupportedInterfaceOrientations_iPhone = "UIInterfaceOrientationPortrait UIInterfaceOrientationLandscapeLeft UIInterfaceOrientationLandscapeRight";
				LD_RUNPATH_SEARCH_PATHS = (
					"$(inherited)",
					"@executable_path/Frameworks",
				);
				MARKETING_VERSION = 1.0;
				PRODUCT_BUNDLE_IDENTIFIER = com.bokbank.app.BokBank;
				PRODUCT_NAME = "$(TARGET_NAME)";
				SWIFT_EMIT_LOC_STRINGS = YES;
				SWIFT_VERSION = 5.0;
				TARGETED_DEVICE_FAMILY = "1,2";
			};
			name = Release;
		};
/* End XCBuildConfiguration section */

/* Begin XCConfigurationList section */
		A1197BE92BE60DE900FD42FB /* Build configuration list for PBXProject "BokBank" */ = {
			isa = XCConfigurationList;
			buildConfigurations = (
				A1197BFA2BE60DEB00FD42FB /* Debug */,
				A1197BFB2BE60DEB00FD42FB /* Release */,
			);
			defaultConfigurationIsVisible = 0;
			defaultConfigurationName = Release;
		};
		A1197BFC2BE60DEB00FD42FB /* Build configuration list for PBXNativeTarget "BokBank" */ = {
			isa = XCConfigurationList;
			buildConfigurations = (
				A1197BFD2BE60DEB00FD42FB /* Debug */,
				A1197BFE2BE60DEB00FD42FB /* Release */,
			);
			defaultConfigurationIsVisible = 0;
			defaultConfigurationName = Release;
		};
/* End XCConfigurationList section */

/* Begin XCRemoteSwiftPackageReference section */
		A1C751342BE8B03C000EBEDC /* XCRemoteSwiftPackageReference "swiftui-cached-async-image" */ = {
			isa = XCRemoteSwiftPackageReference;
			repositoryURL = "https://github.com/lorenzofiamingo/swiftui-cached-async-image.git";
			requirement = {
				kind = upToNextMajorVersion;
				minimumVersion = 2.1.1;
			};
		};
/* End XCRemoteSwiftPackageReference section */

/* Begin XCSwiftPackageProductDependency section */
		A1197C012BE61EF500FD42FB /* Core */ = {
			isa = XCSwiftPackageProductDependency;
			productName = Core;
		};
		A1C751352BE8B09E000EBEDC /* CachedAsyncImage */ = {
			isa = XCSwiftPackageProductDependency;
			package = A1C751342BE8B03C000EBEDC /* XCRemoteSwiftPackageReference "swiftui-cached-async-image" */;
			productName = CachedAsyncImage;
		};
/* End XCSwiftPackageProductDependency section */
	};
	rootObject = A1197BE62BE60DE900FD42FB /* Project object */;
}
